
Microsoft Visual Studio Solution File, Format Version 12.00
# Visual Studio Version 16
VisualStudioVersion = 16.0.30907.101
MinimumVisualStudioVersion = 10.0.40219.1
Project("{FAE04EC0-301F-11D3-BF4B-00C04F79EFBC}") = "Banka", "Banka\Banka.csproj", "{EAAFD570-36FD-47B4-93E1-61789AF73FB0}"
EndProject
Project("{FAE04EC0-301F-11D3-BF4B-00C04F79EFBC}") = "BankaTestleri", "BankaTestleri\BankaTestleri.csproj", "{37948DAD-E8D1-446B-A18C-5B09E98B7083}"
EndProject
Global
	GlobalSection(SolutionConfigurationPlatforms) = preSolution
		Debug|Any CPU = Debug|Any CPU
		Release|Any CPU = Release|Any CPU
	EndGlobalSection
	GlobalSection(ProjectConfigurationPlatforms) = postSolution
		{EAAFD570-36FD-47B4-93E1-61789AF73FB0}.Debug|Any CPU.ActiveCfg = Debug|Any CPU
		{EAAFD570-36FD-47B4-93E1-61789AF73FB0}.Debug|Any CPU.Build.0 = Debug|Any CPU
		{EAAFD570-36FD-47B4-93E1-61789AF73FB0}.Release|Any CPU.ActiveCfg = Release|Any CPU
		{EAAFD570-36FD-47B4-93E1-61789AF73FB0}.Release|Any CPU.Build.0 = Release|Any CPU
		{37948DAD-E8D1-446B-A18C-5B09E98B7083}.Debug|Any CPU.ActiveCfg = Debug|Any CPU
		{37948DAD-E8D1-446B-A18C-5B09E98B7083}.Debug|Any CPU.Build.0 = Debug|Any CPU
		{37948DAD-E8D1-446B-A18C-5B09E98B7083}.Release|Any CPU.ActiveCfg = Release|Any CPU
		{37948DAD-E8D1-446B-A18C-5B09E98B7083}.Release|Any CPU.Build.0 = Release|Any CPU
	EndGlobalSection
	GlobalSection(SolutionProperties) = preSolution
		HideSolutionNode = FALSE
	EndGlobalSection
	GlobalSection(ExtensibilityGlobals) = postSolution
		SolutionGuid = {8A48EBED-7ECF-44D8-BAE0-D43BE2E10B62}
	EndGlobalSection
EndGlobal
